
Microsoft Visual Studio Solution File, Format Version 12.00
# Visual Studio Version 17
VisualStudioVersion = 17.11.35327.3
MinimumVisualStudioVersion = 10.0.40219.1
Project("{9A19103F-16F7-4668-BE54-9A1E7A4F7556}") = "Data", "Data\Data.csproj", "{36B0D2B3-2A6C-4F38-AE5A-0B64CFE1007E}"
EndProject
Project("{9A19103F-16F7-4668-BE54-9A1E7A4F7556}") = "Domain", "Domain\Domain.csproj", "{F0944A32-69B3-4CCB-8383-774D6D26B807}"
EndProject
Project("{9A19103F-16F7-4668-BE54-9A1E7A4F7556}") = "Api", "Api\Api.csproj", "{616A8C0E-43D8-4D9B-87CE-B1B385B83824}"
EndProject
Project("{FAE04EC0-301F-11D3-BF4B-00C04F79EFBC}") = "IdentityApi", "IdentityApi\IdentityApi.csproj", "{641D7FD8-3F5A-4EB8-B2C5-24D57C13203E}"
EndProject
Global
	GlobalSection(SolutionConfigurationPlatforms) = preSolution
		Debug|Any CPU = Debug|Any CPU
		Release|Any CPU = Release|Any CPU
	EndGlobalSection
	GlobalSection(ProjectConfigurationPlatforms) = postSolution
		{36B0D2B3-2A6C-4F38-AE5A-0B64CFE1007E}.Debug|Any CPU.ActiveCfg = Debug|Any CPU
		{36B0D2B3-2A6C-4F38-AE5A-0B64CFE1007E}.Debug|Any CPU.Build.0 = Debug|Any CPU
		{36B0D2B3-2A6C-4F38-AE5A-0B64CFE1007E}.Release|Any CPU.ActiveCfg = Release|Any CPU
		{36B0D2B3-2A6C-4F38-AE5A-0B64CFE1007E}.Release|Any CPU.Build.0 = Release|Any CPU
		{F0944A32-69B3-4CCB-8383-774D6D26B807}.Debug|Any CPU.ActiveCfg = Debug|Any CPU
		{F0944A32-69B3-4CCB-8383-774D6D26B807}.Debug|Any CPU.Build.0 = Debug|Any CPU
		{F0944A32-69B3-4CCB-8383-774D6D26B807}.Release|Any CPU.ActiveCfg = Release|Any CPU
		{F0944A32-69B3-4CCB-8383-774D6D26B807}.Release|Any CPU.Build.0 = Release|Any CPU
		{616A8C0E-43D8-4D9B-87CE-B1B385B83824}.Debug|Any CPU.ActiveCfg = Debug|Any CPU
		{616A8C0E-43D8-4D9B-87CE-B1B385B83824}.Debug|Any CPU.Build.0 = Debug|Any CPU
		{616A8C0E-43D8-4D9B-87CE-B1B385B83824}.Release|Any CPU.ActiveCfg = Release|Any CPU
		{616A8C0E-43D8-4D9B-87CE-B1B385B83824}.Release|Any CPU.Build.0 = Release|Any CPU
		{641D7FD8-3F5A-4EB8-B2C5-24D57C13203E}.Debug|Any CPU.ActiveCfg = Debug|Any CPU
		{641D7FD8-3F5A-4EB8-B2C5-24D57C13203E}.Debug|Any CPU.Build.0 = Debug|Any CPU
		{641D7FD8-3F5A-4EB8-B2C5-24D57C13203E}.Release|Any CPU.ActiveCfg = Release|Any CPU
		{641D7FD8-3F5A-4EB8-B2C5-24D57C13203E}.Release|Any CPU.Build.0 = Release|Any CPU
	EndGlobalSection
	GlobalSection(SolutionProperties) = preSolution
		HideSolutionNode = FALSE
	EndGlobalSection
	GlobalSection(ExtensibilityGlobals) = postSolution
		SolutionGuid = {66406BCD-5FAF-4A82-A26B-83EBB683ED28}
	EndGlobalSection
EndGlobal
